
Microsoft Visual Studio Solution File, Format Version 12.00
# Visual Studio Version 17
VisualStudioVersion = 17.10.35027.167
MinimumVisualStudioVersion = 10.0.40219.1
Project("{FAE04EC0-301F-11D3-BF4B-00C04F79EFBC}") = "CSharpBasicApp", "CSharpBasicApp.csproj", "{31BC1CB6-CCD5-4DD7-9B79-D6073ED6745B}"
EndProject
Global
	GlobalSection(SolutionConfigurationPlatforms) = preSolution
		Debug|Any CPU = Debug|Any CPU
		Release|Any CPU = Release|Any CPU
	EndGlobalSection
	GlobalSection(ProjectConfigurationPlatforms) = postSolution
		{31BC1CB6-CCD5-4DD7-9B79-D6073ED6745B}.Debug|Any CPU.ActiveCfg = Debug|Any CPU
		{31BC1CB6-CCD5-4DD7-9B79-D6073ED6745B}.Debug|Any CPU.Build.0 = Debug|Any CPU
		{31BC1CB6-CCD5-4DD7-9B79-D6073ED6745B}.Release|Any CPU.ActiveCfg = Release|Any CPU
		{31BC1CB6-CCD5-4DD7-9B79-D6073ED6745B}.Release|Any CPU.Build.0 = Release|Any CPU
	EndGlobalSection
	GlobalSection(SolutionProperties) = preSolution
		HideSolutionNode = FALSE
	EndGlobalSection
	GlobalSection(ExtensibilityGlobals) = postSolution
		SolutionGuid = {974AA644-F4EB-46A4-A221-7FD8F95A30A5}
	EndGlobalSection
EndGlobal
